
Microsoft Visual Studio Solution File, Format Version 12.00
# Visual Studio 14
VisualStudioVersion = 14.0.25420.1
MinimumVisualStudioVersion = 10.0.40219.1
Project("{FAE04EC0-301F-11D3-BF4B-00C04F79EFBC}") = "PDV", "SlidingPanel\PDV.csproj", "{C60C2B4A-A2AA-4A91-A0E3-6BBE14481AF9}"
EndProject
Project("{2150E333-8FDC-42A3-9474-1A3956D46DE8}") = ".nuget", ".nuget", "{36BED954-79F5-4739-B8F9-4F484E5BA8DF}"
	ProjectSection(SolutionItems) = preProject
		.nuget\NuGet.Config = .nuget\NuGet.Config
		.nuget\NuGet.exe = .nuget\NuGet.exe
		.nuget\NuGet.targets = .nuget\NuGet.targets
	EndProjectSection
EndProject
Project("{FAE04EC0-301F-11D3-BF4B-00C04F79EFBC}") = "NFe.Classes", "NFCE\NFe.Classes\NFe.Classes.csproj", "{29CA1DA2-440D-484B-951A-CF1B2EB27984}"
EndProject
Project("{FAE04EC0-301F-11D3-BF4B-00C04F79EFBC}") = "NFe.Utils", "NFCE\NFe.Utils\NFe.Utils.csproj", "{E35E7C4A-5690-4979-8B43-002975B48EAA}"
EndProject
Project("{FAE04EC0-301F-11D3-BF4B-00C04F79EFBC}") = "NFe.AppTeste", "NFCE\NFe.AppTeste\NFe.AppTeste.csproj", "{BB030128-9609-46D5-941C-1F53D95157E2}"
EndProject
Project("{FAE04EC0-301F-11D3-BF4B-00C04F79EFBC}") = "NFe.Servicos", "NFCE\NFe.Servicos\NFe.Servicos.csproj", "{CCFDB136-3EE3-4AED-AA69-26ABBCB553C6}"
EndProject
Project("{FAE04EC0-301F-11D3-BF4B-00C04F79EFBC}") = "NFe.Wsdl", "NFCE\NFe.Wsdl\NFe.Wsdl.csproj", "{23BA5FA7-8BD6-4AE1-9895-54F119DD15FA}"
EndProject
Project("{FAE04EC0-301F-11D3-BF4B-00C04F79EFBC}") = "NFe.Impressao", "NFCE\Nfe.Impressao\NFe.Impressao.csproj", "{B7F6A2FF-FD0E-4B44-82B3-371605CD0510}"
EndProject
Project("{FAE04EC0-301F-11D3-BF4B-00C04F79EFBC}") = "ClassGlobals", "ClassGlobals\ClassGlobals.csproj", "{4B4EC6E9-A5D7-46E4-82F4-F419510F132F}"
EndProject
Project("{FAE04EC0-301F-11D3-BF4B-00C04F79EFBC}") = "CurrencyTextBoxControl", "src\CurrencyTextBoxControl\CurrencyTextBoxControl.csproj", "{144A2EE7-09EC-4618-BA94-6593205962C9}"
EndProject
Project("{FAE04EC0-301F-11D3-BF4B-00C04F79EFBC}") = "CurrencyTextBoxExample", "src\CurrencyTextBoxExample\CurrencyTextBoxExample.csproj", "{13F3D236-4FC1-433F-9F2E-E0932035A5AD}"
EndProject
Global
	GlobalSection(SolutionConfigurationPlatforms) = preSolution
		CD_ROM|Any CPU = CD_ROM|Any CPU
		CD_ROM|Mixed Platforms = CD_ROM|Mixed Platforms
		CD_ROM|x86 = CD_ROM|x86
		Debug|Any CPU = Debug|Any CPU
		Debug|Mixed Platforms = Debug|Mixed Platforms
		Debug|x86 = Debug|x86
		DVD-5|Any CPU = DVD-5|Any CPU
		DVD-5|Mixed Platforms = DVD-5|Mixed Platforms
		DVD-5|x86 = DVD-5|x86
		Release|Any CPU = Release|Any CPU
		Release|Mixed Platforms = Release|Mixed Platforms
		Release|x86 = Release|x86
		SingleImage|Any CPU = SingleImage|Any CPU
		SingleImage|Mixed Platforms = SingleImage|Mixed Platforms
		SingleImage|x86 = SingleImage|x86
	EndGlobalSection
	GlobalSection(ProjectConfigurationPlatforms) = postSolution
		{C60C2B4A-A2AA-4A91-A0E3-6BBE14481AF9}.CD_ROM|Any CPU.ActiveCfg = Release|x86
		{C60C2B4A-A2AA-4A91-A0E3-6BBE14481AF9}.CD_ROM|Mixed Platforms.ActiveCfg = Release|x86
		{C60C2B4A-A2AA-4A91-A0E3-6BBE14481AF9}.CD_ROM|Mixed Platforms.Build.0 = Release|x86
		{C60C2B4A-A2AA-4A91-A0E3-6BBE14481AF9}.CD_ROM|x86.ActiveCfg = Release|x86
		{C60C2B4A-A2AA-4A91-A0E3-6BBE14481AF9}.CD_ROM|x86.Build.0 = Release|x86
		{C60C2B4A-A2AA-4A91-A0E3-6BBE14481AF9}.Debug|Any CPU.ActiveCfg = Debug|x86
		{C60C2B4A-A2AA-4A91-A0E3-6BBE14481AF9}.Debug|Mixed Platforms.ActiveCfg = Debug|x86
		{C60C2B4A-A2AA-4A91-A0E3-6BBE14481AF9}.Debug|Mixed Platforms.Build.0 = Debug|x86
		{C60C2B4A-A2AA-4A91-A0E3-6BBE14481AF9}.Debug|x86.ActiveCfg = Debug|x86
		{C60C2B4A-A2AA-4A91-A0E3-6BBE14481AF9}.Debug|x86.Build.0 = Debug|x86
		{C60C2B4A-A2AA-4A91-A0E3-6BBE14481AF9}.DVD-5|Any CPU.ActiveCfg = Debug|x86
		{C60C2B4A-A2AA-4A91-A0E3-6BBE14481AF9}.DVD-5|Mixed Platforms.ActiveCfg = Debug|x86
		{C60C2B4A-A2AA-4A91-A0E3-6BBE14481AF9}.DVD-5|Mixed Platforms.Build.0 = Debug|x86
		{C60C2B4A-A2AA-4A91-A0E3-6BBE14481AF9}.DVD-5|x86.ActiveCfg = Debug|x86
		{C60C2B4A-A2AA-4A91-A0E3-6BBE14481AF9}.DVD-5|x86.Build.0 = Debug|x86
		{C60C2B4A-A2AA-4A91-A0E3-6BBE14481AF9}.Release|Any CPU.ActiveCfg = Release|x86
		{C60C2B4A-A2AA-4A91-A0E3-6BBE14481AF9}.Release|Mixed Platforms.ActiveCfg = Release|x86
		{C60C2B4A-A2AA-4A91-A0E3-6BBE14481AF9}.Release|Mixed Platforms.Build.0 = Release|x86
		{C60C2B4A-A2AA-4A91-A0E3-6BBE14481AF9}.Release|x86.ActiveCfg = Release|x86
		{C60C2B4A-A2AA-4A91-A0E3-6BBE14481AF9}.Release|x86.Build.0 = Release|x86
		{C60C2B4A-A2AA-4A91-A0E3-6BBE14481AF9}.SingleImage|Any CPU.ActiveCfg = Release|x86
		{C60C2B4A-A2AA-4A91-A0E3-6BBE14481AF9}.SingleImage|Mixed Platforms.ActiveCfg = Release|x86
		{C60C2B4A-A2AA-4A91-A0E3-6BBE14481AF9}.SingleImage|Mixed Platforms.Build.0 = Release|x86
		{C60C2B4A-A2AA-4A91-A0E3-6BBE14481AF9}.SingleImage|x86.ActiveCfg = Release|x86
		{C60C2B4A-A2AA-4A91-A0E3-6BBE14481AF9}.SingleImage|x86.Build.0 = Release|x86
		{29CA1DA2-440D-484B-951A-CF1B2EB27984}.CD_ROM|Any CPU.ActiveCfg = Release|Any CPU
		{29CA1DA2-440D-484B-951A-CF1B2EB27984}.CD_ROM|Any CPU.Build.0 = Release|Any CPU
		{29CA1DA2-440D-484B-951A-CF1B2EB27984}.CD_ROM|Mixed Platforms.ActiveCfg = Release|x86
		{29CA1DA2-440D-484B-951A-CF1B2EB27984}.CD_ROM|Mixed Platforms.Build.0 = Release|x86
		{29CA1DA2-440D-484B-951A-CF1B2EB27984}.CD_ROM|x86.ActiveCfg = Release|x86
		{29CA1DA2-440D-484B-951A-CF1B2EB27984}.CD_ROM|x86.Build.0 = Release|x86
		{29CA1DA2-440D-484B-951A-CF1B2EB27984}.Debug|Any CPU.ActiveCfg = Debug|Any CPU
		{29CA1DA2-440D-484B-951A-CF1B2EB27984}.Debug|Any CPU.Build.0 = Debug|Any CPU
		{29CA1DA2-440D-484B-951A-CF1B2EB27984}.Debug|Mixed Platforms.ActiveCfg = Debug|x86
		{29CA1DA2-440D-484B-951A-CF1B2EB27984}.Debug|Mixed Platforms.Build.0 = Debug|x86
		{29CA1DA2-440D-484B-951A-CF1B2EB27984}.Debug|x86.ActiveCfg = Debug|x86
		{29CA1DA2-440D-484B-951A-CF1B2EB27984}.Debug|x86.Build.0 = Debug|x86
		{29CA1DA2-440D-484B-951A-CF1B2EB27984}.DVD-5|Any CPU.ActiveCfg = Debug|Any CPU
		{29CA1DA2-440D-484B-951A-CF1B2EB27984}.DVD-5|Any CPU.Build.0 = Debug|Any CPU
		{29CA1DA2-440D-484B-951A-CF1B2EB27984}.DVD-5|Mixed Platforms.ActiveCfg = Debug|x86
		{29CA1DA2-440D-484B-951A-CF1B2EB27984}.DVD-5|Mixed Platforms.Build.0 = Debug|x86
		{29CA1DA2-440D-484B-951A-CF1B2EB27984}.DVD-5|x86.ActiveCfg = Debug|x86
		{29CA1DA2-440D-484B-951A-CF1B2EB27984}.DVD-5|x86.Build.0 = Debug|x86
		{29CA1DA2-440D-484B-951A-CF1B2EB27984}.Release|Any CPU.ActiveCfg = Release|Any CPU
		{29CA1DA2-440D-484B-951A-CF1B2EB27984}.Release|Any CPU.Build.0 = Release|Any CPU
		{29CA1DA2-440D-484B-951A-CF1B2EB27984}.Release|Mixed Platforms.ActiveCfg = Release|x86
		{29CA1DA2-440D-484B-951A-CF1B2EB27984}.Release|Mixed Platforms.Build.0 = Release|x86
		{29CA1DA2-440D-484B-951A-CF1B2EB27984}.Release|x86.ActiveCfg = Release|x86
		{29CA1DA2-440D-484B-951A-CF1B2EB27984}.Release|x86.Build.0 = Release|x86
		{29CA1DA2-440D-484B-951A-CF1B2EB27984}.SingleImage|Any CPU.ActiveCfg = Release|Any CPU
		{29CA1DA2-440D-484B-951A-CF1B2EB27984}.SingleImage|Any CPU.Build.0 = Release|Any CPU
		{29CA1DA2-440D-484B-951A-CF1B2EB27984}.SingleImage|Mixed Platforms.ActiveCfg = Release|x86
		{29CA1DA2-440D-484B-951A-CF1B2EB27984}.SingleImage|Mixed Platforms.Build.0 = Release|x86
		{29CA1DA2-440D-484B-951A-CF1B2EB27984}.SingleImage|x86.ActiveCfg = Release|x86
		{29CA1DA2-440D-484B-951A-CF1B2EB27984}.SingleImage|x86.Build.0 = Release|x86
		{E35E7C4A-5690-4979-8B43-002975B48EAA}.CD_ROM|Any CPU.ActiveCfg = Release|Any CPU
		{E35E7C4A-5690-4979-8B43-002975B48EAA}.CD_ROM|Any CPU.Build.0 = Release|Any CPU
		{E35E7C4A-5690-4979-8B43-002975B48EAA}.CD_ROM|Mixed Platforms.ActiveCfg = Release|x86
		{E35E7C4A-5690-4979-8B43-002975B48EAA}.CD_ROM|Mixed Platforms.Build.0 = Release|x86
		{E35E7C4A-5690-4979-8B43-002975B48EAA}.CD_ROM|x86.ActiveCfg = Release|x86
		{E35E7C4A-5690-4979-8B43-002975B48EAA}.CD_ROM|x86.Build.0 = Release|x86
		{E35E7C4A-5690-4979-8B43-002975B48EAA}.Debug|Any CPU.ActiveCfg = Debug|Any CPU
		{E35E7C4A-5690-4979-8B43-002975B48EAA}.Debug|Any CPU.Build.0 = Debug|Any CPU
		{E35E7C4A-5690-4979-8B43-002975B48EAA}.Debug|Mixed Platforms.ActiveCfg = Debug|Any CPU
		{E35E7C4A-5690-4979-8B43-002975B48EAA}.Debug|Mixed Platforms.Build.0 = Debug|Any CPU
		{E35E7C4A-5690-4979-8B43-002975B48EAA}.Debug|x86.ActiveCfg = Debug|Any CPU
		{E35E7C4A-5690-4979-8B43-002975B48EAA}.Debug|x86.Build.0 = Debug|Any CPU
		{E35E7C4A-5690-4979-8B43-002975B48EAA}.DVD-5|Any CPU.ActiveCfg = Debug|Any CPU
		{E35E7C4A-5690-4979-8B43-002975B48EAA}.DVD-5|Any CPU.Build.0 = Debug|Any CPU
		{E35E7C4A-5690-4979-8B43-002975B48EAA}.DVD-5|Mixed Platforms.ActiveCfg = Debug|x86
		{E35E7C4A-5690-4979-8B43-002975B48EAA}.DVD-5|Mixed Platforms.Build.0 = Debug|x86
		{E35E7C4A-5690-4979-8B43-002975B48EAA}.DVD-5|x86.ActiveCfg = Debug|x86
		{E35E7C4A-5690-4979-8B43-002975B48EAA}.DVD-5|x86.Build.0 = Debug|x86
		{E35E7C4A-5690-4979-8B43-002975B48EAA}.Release|Any CPU.ActiveCfg = Release|Any CPU
		{E35E7C4A-5690-4979-8B43-002975B48EAA}.Release|Any CPU.Build.0 = Release|Any CPU
		{E35E7C4A-5690-4979-8B43-002975B48EAA}.Release|Mixed Platforms.ActiveCfg = Release|Any CPU
		{E35E7C4A-5690-4979-8B43-002975B48EAA}.Release|Mixed Platforms.Build.0 = Release|Any CPU
		{E35E7C4A-5690-4979-8B43-002975B48EAA}.Release|x86.ActiveCfg = Release|Any CPU
		{E35E7C4A-5690-4979-8B43-002975B48EAA}.Release|x86.Build.0 = Release|Any CPU
		{E35E7C4A-5690-4979-8B43-002975B48EAA}.SingleImage|Any CPU.ActiveCfg = Release|Any CPU
		{E35E7C4A-5690-4979-8B43-002975B48EAA}.SingleImage|Any CPU.Build.0 = Release|Any CPU
		{E35E7C4A-5690-4979-8B43-002975B48EAA}.SingleImage|Mixed Platforms.ActiveCfg = Release|x86
		{E35E7C4A-5690-4979-8B43-002975B48EAA}.SingleImage|Mixed Platforms.Build.0 = Release|x86
		{E35E7C4A-5690-4979-8B43-002975B48EAA}.SingleImage|x86.ActiveCfg = Release|x86
		{E35E7C4A-5690-4979-8B43-002975B48EAA}.SingleImage|x86.Build.0 = Release|x86
		{BB030128-9609-46D5-941C-1F53D95157E2}.CD_ROM|Any CPU.ActiveCfg = Release|Any CPU
		{BB030128-9609-46D5-941C-1F53D95157E2}.CD_ROM|Any CPU.Build.0 = Release|Any CPU
		{BB030128-9609-46D5-941C-1F53D95157E2}.CD_ROM|Mixed Platforms.ActiveCfg = Release|x86
		{BB030128-9609-46D5-941C-1F53D95157E2}.CD_ROM|Mixed Platforms.Build.0 = Release|x86
		{BB030128-9609-46D5-941C-1F53D95157E2}.CD_ROM|x86.ActiveCfg = Release|x86
		{BB030128-9609-46D5-941C-1F53D95157E2}.CD_ROM|x86.Build.0 = Release|x86
		{BB030128-9609-46D5-941C-1F53D95157E2}.Debug|Any CPU.ActiveCfg = Debug|Any CPU
		{BB030128-9609-46D5-941C-1F53D95157E2}.Debug|Any CPU.Build.0 = Debug|Any CPU
		{BB030128-9609-46D5-941C-1F53D95157E2}.Debug|Mixed Platforms.ActiveCfg = Debug|x86
		{BB030128-9609-46D5-941C-1F53D95157E2}.Debug|Mixed Platforms.Build.0 = Debug|x86
		{BB030128-9609-46D5-941C-1F53D95157E2}.Debug|x86.ActiveCfg = Debug|x86
		{BB030128-9609-46D5-941C-1F53D95157E2}.Debug|x86.Build.0 = Debug|x86
		{BB030128-9609-46D5-941C-1F53D95157E2}.DVD-5|Any CPU.ActiveCfg = Debug|Any CPU
		{BB030128-9609-46D5-941C-1F53D95157E2}.DVD-5|Any CPU.Build.0 = Debug|Any CPU
		{BB030128-9609-46D5-941C-1F53D95157E2}.DVD-5|Mixed Platforms.ActiveCfg = Debug|x86
		{BB030128-9609-46D5-941C-1F53D95157E2}.DVD-5|Mixed Platforms.Build.0 = Debug|x86
		{BB030128-9609-46D5-941C-1F53D95157E2}.DVD-5|x86.ActiveCfg = Debug|x86
		{BB030128-9609-46D5-941C-1F53D95157E2}.DVD-5|x86.Build.0 = Debug|x86
		{BB030128-9609-46D5-941C-1F53D95157E2}.Release|Any CPU.ActiveCfg = Release|Any CPU
		{BB030128-9609-46D5-941C-1F53D95157E2}.Release|Any CPU.Build.0 = Release|Any CPU
		{BB030128-9609-46D5-941C-1F53D95157E2}.Release|Mixed Platforms.ActiveCfg = Release|x86
		{BB030128-9609-46D5-941C-1F53D95157E2}.Release|Mixed Platforms.Build.0 = Release|x86
		{BB030128-9609-46D5-941C-1F53D95157E2}.Release|x86.ActiveCfg = Release|x86
		{BB030128-9609-46D5-941C-1F53D95157E2}.Release|x86.Build.0 = Release|x86
		{BB030128-9609-46D5-941C-1F53D95157E2}.SingleImage|Any CPU.ActiveCfg = Release|Any CPU
		{BB030128-9609-46D5-941C-1F53D95157E2}.SingleImage|Any CPU.Build.0 = Release|Any CPU
		{BB030128-9609-46D5-941C-1F53D95157E2}.SingleImage|Mixed Platforms.ActiveCfg = Release|x86
		{BB030128-9609-46D5-941C-1F53D95157E2}.SingleImage|Mixed Platforms.Build.0 = Release|x86
		{BB030128-9609-46D5-941C-1F53D95157E2}.SingleImage|x86.ActiveCfg = Release|x86
		{BB030128-9609-46D5-941C-1F53D95157E2}.SingleImage|x86.Build.0 = Release|x86
		{CCFDB136-3EE3-4AED-AA69-26ABBCB553C6}.CD_ROM|Any CPU.ActiveCfg = Release|Any CPU
		{CCFDB136-3EE3-4AED-AA69-26ABBCB553C6}.CD_ROM|Any CPU.Build.0 = Release|Any CPU
		{CCFDB136-3EE3-4AED-AA69-26ABBCB553C6}.CD_ROM|Mixed Platforms.ActiveCfg = Release|x86
		{CCFDB136-3EE3-4AED-AA69-26ABBCB553C6}.CD_ROM|Mixed Platforms.Build.0 = Release|x86
		{CCFDB136-3EE3-4AED-AA69-26ABBCB553C6}.CD_ROM|x86.ActiveCfg = Release|x86
		{CCFDB136-3EE3-4AED-AA69-26ABBCB553C6}.CD_ROM|x86.Build.0 = Release|x86
		{CCFDB136-3EE3-4AED-AA69-26ABBCB553C6}.Debug|Any CPU.ActiveCfg = Debug|Any CPU
		{CCFDB136-3EE3-4AED-AA69-26ABBCB553C6}.Debug|Any CPU.Build.0 = Debug|Any CPU
		{CCFDB136-3EE3-4AED-AA69-26ABBCB553C6}.Debug|Mixed Platforms.ActiveCfg = Debug|x86
		{CCFDB136-3EE3-4AED-AA69-26ABBCB553C6}.Debug|Mixed Platforms.Build.0 = Debug|x86
		{CCFDB136-3EE3-4AED-AA69-26ABBCB553C6}.Debug|x86.ActiveCfg = Debug|x86
		{CCFDB136-3EE3-4AED-AA69-26ABBCB553C6}.Debug|x86.Build.0 = Debug|x86
		{CCFDB136-3EE3-4AED-AA69-26ABBCB553C6}.DVD-5|Any CPU.ActiveCfg = Debug|Any CPU
		{CCFDB136-3EE3-4AED-AA69-26ABBCB553C6}.DVD-5|Any CPU.Build.0 = Debug|Any CPU
		{CCFDB136-3EE3-4AED-AA69-26ABBCB553C6}.DVD-5|Mixed Platforms.ActiveCfg = Debug|x86
		{CCFDB136-3EE3-4AED-AA69-26ABBCB553C6}.DVD-5|Mixed Platforms.Build.0 = Debug|x86
		{CCFDB136-3EE3-4AED-AA69-26ABBCB553C6}.DVD-5|x86.ActiveCfg = Debug|x86
		{CCFDB136-3EE3-4AED-AA69-26ABBCB553C6}.DVD-5|x86.Build.0 = Debug|x86
		{CCFDB136-3EE3-4AED-AA69-26ABBCB553C6}.Release|Any CPU.ActiveCfg = Release|Any CPU
		{CCFDB136-3EE3-4AED-AA69-26ABBCB553C6}.Release|Any CPU.Build.0 = Release|Any CPU
		{CCFDB136-3EE3-4AED-AA69-26ABBCB553C6}.Release|Mixed Platforms.ActiveCfg = Release|x86
		{CCFDB136-3EE3-4AED-AA69-26ABBCB553C6}.Release|Mixed Platforms.Build.0 = Release|x86
		{CCFDB136-3EE3-4AED-AA69-26ABBCB553C6}.Release|x86.ActiveCfg = Release|x86
		{CCFDB136-3EE3-4AED-AA69-26ABBCB553C6}.Release|x86.Build.0 = Release|x86
		{CCFDB136-3EE3-4AED-AA69-26ABBCB553C6}.SingleImage|Any CPU.ActiveCfg = Release|Any CPU
		{CCFDB136-3EE3-4AED-AA69-26ABBCB553C6}.SingleImage|Any CPU.Build.0 = Release|Any CPU
		{CCFDB136-3EE3-4AED-AA69-26ABBCB553C6}.SingleImage|Mixed Platforms.ActiveCfg = Release|x86
		{CCFDB136-3EE3-4AED-AA69-26ABBCB553C6}.SingleImage|Mixed Platforms.Build.0 = Release|x86
		{CCFDB136-3EE3-4AED-AA69-26ABBCB553C6}.SingleImage|x86.ActiveCfg = Release|x86
		{CCFDB136-3EE3-4AED-AA69-26ABBCB553C6}.SingleImage|x86.Build.0 = Release|x86
		{23BA5FA7-8BD6-4AE1-9895-54F119DD15FA}.CD_ROM|Any CPU.ActiveCfg = Release|Any CPU
		{23BA5FA7-8BD6-4AE1-9895-54F119DD15FA}.CD_ROM|Any CPU.Build.0 = Release|Any CPU
		{23BA5FA7-8BD6-4AE1-9895-54F119DD15FA}.CD_ROM|Mixed Platforms.ActiveCfg = Release|x86
		{23BA5FA7-8BD6-4AE1-9895-54F119DD15FA}.CD_ROM|Mixed Platforms.Build.0 = Release|x86
		{23BA5FA7-8BD6-4AE1-9895-54F119DD15FA}.CD_ROM|x86.ActiveCfg = Release|x86
		{23BA5FA7-8BD6-4AE1-9895-54F119DD15FA}.CD_ROM|x86.Build.0 = Release|x86
		{23BA5FA7-8BD6-4AE1-9895-54F119DD15FA}.Debug|Any CPU.ActiveCfg = Debug|Any CPU
		{23BA5FA7-8BD6-4AE1-9895-54F119DD15FA}.Debug|Any CPU.Build.0 = Debug|Any CPU
		{23BA5FA7-8BD6-4AE1-9895-54F119DD15FA}.Debug|Mixed Platforms.ActiveCfg = Debug|x86
		{23BA5FA7-8BD6-4AE1-9895-54F119DD15FA}.Debug|Mixed Platforms.Build.0 = Debug|x86
		{23BA5FA7-8BD6-4AE1-9895-54F119DD15FA}.Debug|x86.ActiveCfg = Debug|x86
		{23BA5FA7-8BD6-4AE1-9895-54F119DD15FA}.Debug|x86.Build.0 = Debug|x86
		{23BA5FA7-8BD6-4AE1-9895-54F119DD15FA}.DVD-5|Any CPU.ActiveCfg = Debug|Any CPU
		{23BA5FA7-8BD6-4AE1-9895-54F119DD15FA}.DVD-5|Any CPU.Build.0 = Debug|Any CPU
		{23BA5FA7-8BD6-4AE1-9895-54F119DD15FA}.DVD-5|Mixed Platforms.ActiveCfg = Debug|x86
		{23BA5FA7-8BD6-4AE1-9895-54F119DD15FA}.DVD-5|Mixed Platforms.Build.0 = Debug|x86
		{23BA5FA7-8BD6-4AE1-9895-54F119DD15FA}.DVD-5|x86.ActiveCfg = Debug|x86
		{23BA5FA7-8BD6-4AE1-9895-54F119DD15FA}.DVD-5|x86.Build.0 = Debug|x86
		{23BA5FA7-8BD6-4AE1-9895-54F119DD15FA}.Release|Any CPU.ActiveCfg = Release|Any CPU
		{23BA5FA7-8BD6-4AE1-9895-54F119DD15FA}.Release|Any CPU.Build.0 = Release|Any CPU
		{23BA5FA7-8BD6-4AE1-9895-54F119DD15FA}.Release|Mixed Platforms.ActiveCfg = Release|x86
		{23BA5FA7-8BD6-4AE1-9895-54F119DD15FA}.Release|Mixed Platforms.Build.0 = Release|x86
		{23BA5FA7-8BD6-4AE1-9895-54F119DD15FA}.Release|x86.ActiveCfg = Release|x86
		{23BA5FA7-8BD6-4AE1-9895-54F119DD15FA}.Release|x86.Build.0 = Release|x86
		{23BA5FA7-8BD6-4AE1-9895-54F119DD15FA}.SingleImage|Any CPU.ActiveCfg = Release|Any CPU
		{23BA5FA7-8BD6-4AE1-9895-54F119DD15FA}.SingleImage|Any CPU.Build.0 = Release|Any CPU
		{23BA5FA7-8BD6-4AE1-9895-54F119DD15FA}.SingleImage|Mixed Platforms.ActiveCfg = Release|x86
		{23BA5FA7-8BD6-4AE1-9895-54F119DD15FA}.SingleImage|Mixed Platforms.Build.0 = Release|x86
		{23BA5FA7-8BD6-4AE1-9895-54F119DD15FA}.SingleImage|x86.ActiveCfg = Release|x86
		{23BA5FA7-8BD6-4AE1-9895-54F119DD15FA}.SingleImage|x86.Build.0 = Release|x86
		{B7F6A2FF-FD0E-4B44-82B3-371605CD0510}.CD_ROM|Any CPU.ActiveCfg = Release|Any CPU
		{B7F6A2FF-FD0E-4B44-82B3-371605CD0510}.CD_ROM|Any CPU.Build.0 = Release|Any CPU
		{B7F6A2FF-FD0E-4B44-82B3-371605CD0510}.CD_ROM|Mixed Platforms.ActiveCfg = Release|Any CPU
		{B7F6A2FF-FD0E-4B44-82B3-371605CD0510}.CD_ROM|Mixed Platforms.Build.0 = Release|Any CPU
		{B7F6A2FF-FD0E-4B44-82B3-371605CD0510}.CD_ROM|x86.ActiveCfg = Release|Any CPU
		{B7F6A2FF-FD0E-4B44-82B3-371605CD0510}.Debug|Any CPU.ActiveCfg = Debug|Any CPU
		{B7F6A2FF-FD0E-4B44-82B3-371605CD0510}.Debug|Any CPU.Build.0 = Debug|Any CPU
		{B7F6A2FF-FD0E-4B44-82B3-371605CD0510}.Debug|Mixed Platforms.ActiveCfg = Debug|Any CPU
		{B7F6A2FF-FD0E-4B44-82B3-371605CD0510}.Debug|Mixed Platforms.Build.0 = Debug|Any CPU
		{B7F6A2FF-FD0E-4B44-82B3-371605CD0510}.Debug|x86.ActiveCfg = Debug|Any CPU
		{B7F6A2FF-FD0E-4B44-82B3-371605CD0510}.DVD-5|Any CPU.ActiveCfg = Debug|Any CPU
		{B7F6A2FF-FD0E-4B44-82B3-371605CD0510}.DVD-5|Any CPU.Build.0 = Debug|Any CPU
		{B7F6A2FF-FD0E-4B44-82B3-371605CD0510}.DVD-5|Mixed Platforms.ActiveCfg = Debug|Any CPU
		{B7F6A2FF-FD0E-4B44-82B3-371605CD0510}.DVD-5|Mixed Platforms.Build.0 = Debug|Any CPU
		{B7F6A2FF-FD0E-4B44-82B3-371605CD0510}.DVD-5|x86.ActiveCfg = Debug|Any CPU
		{B7F6A2FF-FD0E-4B44-82B3-371605CD0510}.Release|Any CPU.ActiveCfg = Release|Any CPU
		{B7F6A2FF-FD0E-4B44-82B3-371605CD0510}.Release|Any CPU.Build.0 = Release|Any CPU
		{B7F6A2FF-FD0E-4B44-82B3-371605CD0510}.Release|Mixed Platforms.ActiveCfg = Release|Any CPU
		{B7F6A2FF-FD0E-4B44-82B3-371605CD0510}.Release|Mixed Platforms.Build.0 = Release|Any CPU
		{B7F6A2FF-FD0E-4B44-82B3-371605CD0510}.Release|x86.ActiveCfg = Release|Any CPU
		{B7F6A2FF-FD0E-4B44-82B3-371605CD0510}.SingleImage|Any CPU.ActiveCfg = Release|Any CPU
		{B7F6A2FF-FD0E-4B44-82B3-371605CD0510}.SingleImage|Any CPU.Build.0 = Release|Any CPU
		{B7F6A2FF-FD0E-4B44-82B3-371605CD0510}.SingleImage|Mixed Platforms.ActiveCfg = Release|Any CPU
		{B7F6A2FF-FD0E-4B44-82B3-371605CD0510}.SingleImage|Mixed Platforms.Build.0 = Release|Any CPU
		{B7F6A2FF-FD0E-4B44-82B3-371605CD0510}.SingleImage|x86.ActiveCfg = Release|Any CPU
		{4B4EC6E9-A5D7-46E4-82F4-F419510F132F}.CD_ROM|Any CPU.ActiveCfg = Release|Any CPU
		{4B4EC6E9-A5D7-46E4-82F4-F419510F132F}.CD_ROM|Any CPU.Build.0 = Release|Any CPU
		{4B4EC6E9-A5D7-46E4-82F4-F419510F132F}.CD_ROM|Mixed Platforms.ActiveCfg = Release|Any CPU
		{4B4EC6E9-A5D7-46E4-82F4-F419510F132F}.CD_ROM|Mixed Platforms.Build.0 = Release|Any CPU
		{4B4EC6E9-A5D7-46E4-82F4-F419510F132F}.CD_ROM|x86.ActiveCfg = Release|Any CPU
		{4B4EC6E9-A5D7-46E4-82F4-F419510F132F}.Debug|Any CPU.ActiveCfg = Debug|Any CPU
		{4B4EC6E9-A5D7-46E4-82F4-F419510F132F}.Debug|Any CPU.Build.0 = Debug|Any CPU
		{4B4EC6E9-A5D7-46E4-82F4-F419510F132F}.Debug|Mixed Platforms.ActiveCfg = Debug|Any CPU
		{4B4EC6E9-A5D7-46E4-82F4-F419510F132F}.Debug|Mixed Platforms.Build.0 = Debug|Any CPU
		{4B4EC6E9-A5D7-46E4-82F4-F419510F132F}.Debug|x86.ActiveCfg = Debug|Any CPU
		{4B4EC6E9-A5D7-46E4-82F4-F419510F132F}.DVD-5|Any CPU.ActiveCfg = Debug|Any CPU
		{4B4EC6E9-A5D7-46E4-82F4-F419510F132F}.DVD-5|Any CPU.Build.0 = Debug|Any CPU
		{4B4EC6E9-A5D7-46E4-82F4-F419510F132F}.DVD-5|Mixed Platforms.ActiveCfg = Debug|Any CPU
		{4B4EC6E9-A5D7-46E4-82F4-F419510F132F}.DVD-5|Mixed Platforms.Build.0 = Debug|Any CPU
		{4B4EC6E9-A5D7-46E4-82F4-F419510F132F}.DVD-5|x86.ActiveCfg = Debug|Any CPU
		{4B4EC6E9-A5D7-46E4-82F4-F419510F132F}.Release|Any CPU.ActiveCfg = Release|Any CPU
		{4B4EC6E9-A5D7-46E4-82F4-F419510F132F}.Release|Any CPU.Build.0 = Release|Any CPU
		{4B4EC6E9-A5D7-46E4-82F4-F419510F132F}.Release|Mixed Platforms.ActiveCfg = Release|Any CPU
		{4B4EC6E9-A5D7-46E4-82F4-F419510F132F}.Release|Mixed Platforms.Build.0 = Release|Any CPU
		{4B4EC6E9-A5D7-46E4-82F4-F419510F132F}.Release|x86.ActiveCfg = Release|Any CPU
		{4B4EC6E9-A5D7-46E4-82F4-F419510F132F}.SingleImage|Any CPU.ActiveCfg = Release|Any CPU
		{4B4EC6E9-A5D7-46E4-82F4-F419510F132F}.SingleImage|Any CPU.Build.0 = Release|Any CPU
		{4B4EC6E9-A5D7-46E4-82F4-F419510F132F}.SingleImage|Mixed Platforms.ActiveCfg = Release|Any CPU
		{4B4EC6E9-A5D7-46E4-82F4-F419510F132F}.SingleImage|Mixed Platforms.Build.0 = Release|Any CPU
		{4B4EC6E9-A5D7-46E4-82F4-F419510F132F}.SingleImage|x86.ActiveCfg = Release|Any CPU
		{144A2EE7-09EC-4618-BA94-6593205962C9}.CD_ROM|Any CPU.ActiveCfg = Debug|Any CPU
		{144A2EE7-09EC-4618-BA94-6593205962C9}.CD_ROM|Any CPU.Build.0 = Debug|Any CPU
		{144A2EE7-09EC-4618-BA94-6593205962C9}.CD_ROM|Mixed Platforms.ActiveCfg = Debug|Any CPU
		{144A2EE7-09EC-4618-BA94-6593205962C9}.CD_ROM|Mixed Platforms.Build.0 = Debug|Any CPU
		{144A2EE7-09EC-4618-BA94-6593205962C9}.CD_ROM|x86.ActiveCfg = Debug|Any CPU
		{144A2EE7-09EC-4618-BA94-6593205962C9}.Debug|Any CPU.ActiveCfg = Release|Any CPU
		{144A2EE7-09EC-4618-BA94-6593205962C9}.Debug|Any CPU.Build.0 = Release|Any CPU
		{144A2EE7-09EC-4618-BA94-6593205962C9}.Debug|Mixed Platforms.ActiveCfg = Debug|Any CPU
		{144A2EE7-09EC-4618-BA94-6593205962C9}.Debug|Mixed Platforms.Build.0 = Debug|Any CPU
		{144A2EE7-09EC-4618-BA94-6593205962C9}.Debug|x86.ActiveCfg = Debug|Any CPU
		{144A2EE7-09EC-4618-BA94-6593205962C9}.DVD-5|Any CPU.ActiveCfg = Debug|Any CPU
		{144A2EE7-09EC-4618-BA94-6593205962C9}.DVD-5|Any CPU.Build.0 = Debug|Any CPU
		{144A2EE7-09EC-4618-BA94-6593205962C9}.DVD-5|Mixed Platforms.ActiveCfg = Debug|Any CPU
		{144A2EE7-09EC-4618-BA94-6593205962C9}.DVD-5|Mixed Platforms.Build.0 = Debug|Any CPU
		{144A2EE7-09EC-4618-BA94-6593205962C9}.DVD-5|x86.ActiveCfg = Debug|Any CPU
		{144A2EE7-09EC-4618-BA94-6593205962C9}.Release|Any CPU.ActiveCfg = Release|Any CPU
		{144A2EE7-09EC-4618-BA94-6593205962C9}.Release|Any CPU.Build.0 = Release|Any CPU
		{144A2EE7-09EC-4618-BA94-6593205962C9}.Release|Mixed Platforms.ActiveCfg = Release|Any CPU
		{144A2EE7-09EC-4618-BA94-6593205962C9}.Release|Mixed Platforms.Build.0 = Release|Any CPU
		{144A2EE7-09EC-4618-BA94-6593205962C9}.Release|x86.ActiveCfg = Release|Any CPU
		{144A2EE7-09EC-4618-BA94-6593205962C9}.SingleImage|Any CPU.ActiveCfg = Debug|Any CPU
		{144A2EE7-09EC-4618-BA94-6593205962C9}.SingleImage|Any CPU.Build.0 = Debug|Any CPU
		{144A2EE7-09EC-4618-BA94-6593205962C9}.SingleImage|Mixed Platforms.ActiveCfg = Debug|Any CPU
		{144A2EE7-09EC-4618-BA94-6593205962C9}.SingleImage|Mixed Platforms.Build.0 = Debug|Any CPU
		{144A2EE7-09EC-4618-BA94-6593205962C9}.SingleImage|x86.ActiveCfg = Debug|Any CPU
		{13F3D236-4FC1-433F-9F2E-E0932035A5AD}.CD_ROM|Any CPU.ActiveCfg = Release|x86
		{13F3D236-4FC1-433F-9F2E-E0932035A5AD}.CD_ROM|Mixed Platforms.ActiveCfg = Release|x86
		{13F3D236-4FC1-433F-9F2E-E0932035A5AD}.CD_ROM|Mixed Platforms.Build.0 = Release|x86
		{13F3D236-4FC1-433F-9F2E-E0932035A5AD}.CD_ROM|x86.ActiveCfg = Release|x86
		{13F3D236-4FC1-433F-9F2E-E0932035A5AD}.CD_ROM|x86.Build.0 = Release|x86
		{13F3D236-4FC1-433F-9F2E-E0932035A5AD}.Debug|Any CPU.ActiveCfg = Debug|x86
		{13F3D236-4FC1-433F-9F2E-E0932035A5AD}.Debug|Mixed Platforms.ActiveCfg = Debug|x86
		{13F3D236-4FC1-433F-9F2E-E0932035A5AD}.Debug|Mixed Platforms.Build.0 = Debug|x86
		{13F3D236-4FC1-433F-9F2E-E0932035A5AD}.Debug|x86.ActiveCfg = Debug|x86
		{13F3D236-4FC1-433F-9F2E-E0932035A5AD}.Debug|x86.Build.0 = Debug|x86
		{13F3D236-4FC1-433F-9F2E-E0932035A5AD}.DVD-5|Any CPU.ActiveCfg = Debug|x86
		{13F3D236-4FC1-433F-9F2E-E0932035A5AD}.DVD-5|Mixed Platforms.ActiveCfg = Debug|x86
		{13F3D236-4FC1-433F-9F2E-E0932035A5AD}.DVD-5|Mixed Platforms.Build.0 = Debug|x86
		{13F3D236-4FC1-433F-9F2E-E0932035A5AD}.DVD-5|x86.ActiveCfg = Debug|x86
		{13F3D236-4FC1-433F-9F2E-E0932035A5AD}.DVD-5|x86.Build.0 = Debug|x86
		{13F3D236-4FC1-433F-9F2E-E0932035A5AD}.Release|Any CPU.ActiveCfg = Release|x86
		{13F3D236-4FC1-433F-9F2E-E0932035A5AD}.Release|Mixed Platforms.ActiveCfg = Release|x86
		{13F3D236-4FC1-433F-9F2E-E0932035A5AD}.Release|Mixed Platforms.Build.0 = Release|x86
		{13F3D236-4FC1-433F-9F2E-E0932035A5AD}.Release|x86.ActiveCfg = Release|x86
		{13F3D236-4FC1-433F-9F2E-E0932035A5AD}.Release|x86.Build.0 = Release|x86
		{13F3D236-4FC1-433F-9F2E-E0932035A5AD}.SingleImage|Any CPU.ActiveCfg = Release|x86
		{13F3D236-4FC1-433F-9F2E-E0932035A5AD}.SingleImage|Mixed Platforms.ActiveCfg = Release|x86
		{13F3D236-4FC1-433F-9F2E-E0932035A5AD}.SingleImage|Mixed Platforms.Build.0 = Release|x86
		{13F3D236-4FC1-433F-9F2E-E0932035A5AD}.SingleImage|x86.ActiveCfg = Release|x86
		{13F3D236-4FC1-433F-9F2E-E0932035A5AD}.SingleImage|x86.Build.0 = Release|x86
	EndGlobalSection
	GlobalSection(SolutionProperties) = preSolution
		HideSolutionNode = FALSE
	EndGlobalSection
EndGlobal
